
Microsoft Visual Studio Solution File, Format Version 12.00
Project("{FAE04EC0-301F-11D3-BF4B-00C04F79EFBC}") = "Vladrega.IoC", "Vladrega.IoC\Vladrega.IoC.csproj", "{3604D35E-B8F9-44ED-A0A8-EFE6E86651B7}"
EndProject
Project("{FAE04EC0-301F-11D3-BF4B-00C04F79EFBC}") = "Vladrega.IoC.Implementation", "Vladrega.IoC.Implementation\Vladrega.IoC.Implementation.csproj", "{AA20170C-6C09-4387-B5A7-6BC2C9418100}"
EndProject
Project("{FAE04EC0-301F-11D3-BF4B-00C04F79EFBC}") = "Vladrega.IoC.InvertibleDependencies", "Vladrega.IoC.InvertibleDependencies\Vladrega.IoC.InvertibleDependencies.csproj", "{32D7EC77-084B-457B-BA37-092B14AAD7D4}"
EndProject
Global
	GlobalSection(SolutionConfigurationPlatforms) = preSolution
		Debug|Any CPU = Debug|Any CPU
		Release|Any CPU = Release|Any CPU
	EndGlobalSection
	GlobalSection(ProjectConfigurationPlatforms) = postSolution
		{3604D35E-B8F9-44ED-A0A8-EFE6E86651B7}.Debug|Any CPU.ActiveCfg = Debug|Any CPU
		{3604D35E-B8F9-44ED-A0A8-EFE6E86651B7}.Debug|Any CPU.Build.0 = Debug|Any CPU
		{3604D35E-B8F9-44ED-A0A8-EFE6E86651B7}.Release|Any CPU.ActiveCfg = Release|Any CPU
		{3604D35E-B8F9-44ED-A0A8-EFE6E86651B7}.Release|Any CPU.Build.0 = Release|Any CPU
		{AA20170C-6C09-4387-B5A7-6BC2C9418100}.Debug|Any CPU.ActiveCfg = Debug|Any CPU
		{AA20170C-6C09-4387-B5A7-6BC2C9418100}.Debug|Any CPU.Build.0 = Debug|Any CPU
		{AA20170C-6C09-4387-B5A7-6BC2C9418100}.Release|Any CPU.ActiveCfg = Release|Any CPU
		{AA20170C-6C09-4387-B5A7-6BC2C9418100}.Release|Any CPU.Build.0 = Release|Any CPU
		{32D7EC77-084B-457B-BA37-092B14AAD7D4}.Debug|Any CPU.ActiveCfg = Debug|Any CPU
		{32D7EC77-084B-457B-BA37-092B14AAD7D4}.Debug|Any CPU.Build.0 = Debug|Any CPU
		{32D7EC77-084B-457B-BA37-092B14AAD7D4}.Release|Any CPU.ActiveCfg = Release|Any CPU
		{32D7EC77-084B-457B-BA37-092B14AAD7D4}.Release|Any CPU.Build.0 = Release|Any CPU
	EndGlobalSection
EndGlobal
